
Microsoft Visual Studio Solution File, Format Version 12.00
# Visual Studio 14
VisualStudioVersion = 14.0.25420.1
MinimumVisualStudioVersion = 10.0.40219.1
Project("{FAE04EC0-301F-11D3-BF4B-00C04F79EFBC}") = "CreateDeviceIdentity", "CreateDeviceIdentity\CreateDeviceIdentity.csproj", "{CEFBA3BE-234F-4AE1-8F20-F5ED0330FD16}"
EndProject
Project("{FAE04EC0-301F-11D3-BF4B-00C04F79EFBC}") = "ReadDeviceToCloudMessages", "ReadDeviceToCloudMessages\ReadDeviceToCloudMessages.csproj", "{033E4971-765E-4986-96BF-DCAA99D5D166}"
EndProject
Project("{FAE04EC0-301F-11D3-BF4B-00C04F79EFBC}") = "SimulatedDevice", "SimulatedDevice\SimulatedDevice.csproj", "{9D465084-25FC-413A-B8B2-EF989BD61AE8}"
EndProject
Global
	GlobalSection(SolutionConfigurationPlatforms) = preSolution
		Debug|Any CPU = Debug|Any CPU
		Release|Any CPU = Release|Any CPU
	EndGlobalSection
	GlobalSection(ProjectConfigurationPlatforms) = postSolution
		{CEFBA3BE-234F-4AE1-8F20-F5ED0330FD16}.Debug|Any CPU.ActiveCfg = Debug|Any CPU
		{CEFBA3BE-234F-4AE1-8F20-F5ED0330FD16}.Debug|Any CPU.Build.0 = Debug|Any CPU
		{CEFBA3BE-234F-4AE1-8F20-F5ED0330FD16}.Release|Any CPU.ActiveCfg = Release|Any CPU
		{CEFBA3BE-234F-4AE1-8F20-F5ED0330FD16}.Release|Any CPU.Build.0 = Release|Any CPU
		{033E4971-765E-4986-96BF-DCAA99D5D166}.Debug|Any CPU.ActiveCfg = Debug|Any CPU
		{033E4971-765E-4986-96BF-DCAA99D5D166}.Debug|Any CPU.Build.0 = Debug|Any CPU
		{033E4971-765E-4986-96BF-DCAA99D5D166}.Release|Any CPU.ActiveCfg = Release|Any CPU
		{033E4971-765E-4986-96BF-DCAA99D5D166}.Release|Any CPU.Build.0 = Release|Any CPU
		{9D465084-25FC-413A-B8B2-EF989BD61AE8}.Debug|Any CPU.ActiveCfg = Debug|Any CPU
		{9D465084-25FC-413A-B8B2-EF989BD61AE8}.Debug|Any CPU.Build.0 = Debug|Any CPU
		{9D465084-25FC-413A-B8B2-EF989BD61AE8}.Release|Any CPU.ActiveCfg = Release|Any CPU
		{9D465084-25FC-413A-B8B2-EF989BD61AE8}.Release|Any CPU.Build.0 = Release|Any CPU
	EndGlobalSection
	GlobalSection(SolutionProperties) = preSolution
		HideSolutionNode = FALSE
	EndGlobalSection
	GlobalSection(ExtensibilityGlobals) = postSolution
		EnterpriseLibraryConfigurationToolBinariesPathV6 = packages\EnterpriseLibrary.TransientFaultHandling.6.0.1304.0\lib\portable-net45+win+wp8
	EndGlobalSection
EndGlobal
